
Microsoft Visual Studio Solution File, Format Version 12.00
# Visual Studio 15
VisualStudioVersion = 15.0.28307.168
MinimumVisualStudioVersion = 10.0.40219.1
Project("{FAE04EC0-301F-11D3-BF4B-00C04F79EFBC}") = "DNS2IP", "DNS2IP\DNS2IP.csproj", "{262D1742-2E5E-4E6A-88B5-673101BA8E1D}"
EndProject
Global
	GlobalSection(SolutionConfigurationPlatforms) = preSolution
		Debug|Any CPU = Debug|Any CPU
		Release|Any CPU = Release|Any CPU
	EndGlobalSection
	GlobalSection(ProjectConfigurationPlatforms) = postSolution
		{262D1742-2E5E-4E6A-88B5-673101BA8E1D}.Debug|Any CPU.ActiveCfg = Debug|Any CPU
		{262D1742-2E5E-4E6A-88B5-673101BA8E1D}.Debug|Any CPU.Build.0 = Debug|Any CPU
		{262D1742-2E5E-4E6A-88B5-673101BA8E1D}.Release|Any CPU.ActiveCfg = Release|Any CPU
		{262D1742-2E5E-4E6A-88B5-673101BA8E1D}.Release|Any CPU.Build.0 = Release|Any CPU
	EndGlobalSection
	GlobalSection(SolutionProperties) = preSolution
		HideSolutionNode = FALSE
	EndGlobalSection
	GlobalSection(ExtensibilityGlobals) = postSolution
		SolutionGuid = {9DF887C6-1635-434B-AF42-8FBE7FAB396A}
	EndGlobalSection
EndGlobal
